
Microsoft Visual Studio Solution File, Format Version 11.00
# Visual Studio 2010
Project("{F184B08F-C81C-45F6-A57F-5ABD9991F28F}") = "ComputerVision", "ComputerVision\ComputerVision.vbproj", "{9D6B3502-1C02-48B2-9586-A4767A9BACEE}"
EndProject
Global
	GlobalSection(SolutionConfigurationPlatforms) = preSolution
		Debug|x86 = Debug|x86
		Release|x86 = Release|x86
	EndGlobalSection
	GlobalSection(ProjectConfigurationPlatforms) = postSolution
		{9D6B3502-1C02-48B2-9586-A4767A9BACEE}.Debug|x86.ActiveCfg = Debug|x86
		{9D6B3502-1C02-48B2-9586-A4767A9BACEE}.Debug|x86.Build.0 = Debug|x86
		{9D6B3502-1C02-48B2-9586-A4767A9BACEE}.Release|x86.ActiveCfg = Release|x86
		{9D6B3502-1C02-48B2-9586-A4767A9BACEE}.Release|x86.Build.0 = Release|x86
	EndGlobalSection
	GlobalSection(SolutionProperties) = preSolution
		HideSolutionNode = FALSE
	EndGlobalSection
EndGlobal
